
Microsoft Visual Studio Solution File, Format Version 12.00
# Visual Studio Version 17
VisualStudioVersion = 17.0.31903.59
MinimumVisualStudioVersion = 10.0.40219.1
Project("{2150E333-8FDC-42A3-9474-1A3956D46DE8}") = "src", "src", "{827E0CD3-B72D-47B6-A68D-7590B98EB39B}"
EndProject
Project("{FAE04EC0-301F-11D3-BF4B-00C04F79EFBC}") = "FeatureVision.Core", "src\FeatureVision.Core\FeatureVision.Core.csproj", "{C9E9F020-A13C-41F1-A6CE-C0882057DE66}"
EndProject
Project("{FAE04EC0-301F-11D3-BF4B-00C04F79EFBC}") = "FeatureVision.Camera", "src\FeatureVision.Camera\FeatureVision.Camera.csproj", "{8595B815-1E9D-4B3F-8D6B-39050DA6AF30}"
EndProject
Project("{FAE04EC0-301F-11D3-BF4B-00C04F79EFBC}") = "FeatureVision.AnnotationTool", "src\FeatureVision.AnnotationTool\FeatureVision.AnnotationTool.csproj", "{5E902872-38BA-4342-A3FF-DF1FF59C6CCA}"
EndProject
Project("{FAE04EC0-301F-11D3-BF4B-00C04F79EFBC}") = "FeatureVision.RuntimeApp", "src\FeatureVision.RuntimeApp\FeatureVision.RuntimeApp.csproj", "{095E0CA1-7479-4210-BC27-06105C28182A}"
EndProject
Global
	GlobalSection(SolutionConfigurationPlatforms) = preSolution
		Debug|Any CPU = Debug|Any CPU
		Debug|x64 = Debug|x64
		Debug|x86 = Debug|x86
		Release|Any CPU = Release|Any CPU
		Release|x64 = Release|x64
		Release|x86 = Release|x86
	EndGlobalSection
	GlobalSection(ProjectConfigurationPlatforms) = postSolution
		{C9E9F020-A13C-41F1-A6CE-C0882057DE66}.Debug|Any CPU.ActiveCfg = Debug|Any CPU
		{C9E9F020-A13C-41F1-A6CE-C0882057DE66}.Debug|Any CPU.Build.0 = Debug|Any CPU
		{C9E9F020-A13C-41F1-A6CE-C0882057DE66}.Debug|x64.ActiveCfg = Debug|Any CPU
		{C9E9F020-A13C-41F1-A6CE-C0882057DE66}.Debug|x64.Build.0 = Debug|Any CPU
		{C9E9F020-A13C-41F1-A6CE-C0882057DE66}.Debug|x86.ActiveCfg = Debug|Any CPU
		{C9E9F020-A13C-41F1-A6CE-C0882057DE66}.Debug|x86.Build.0 = Debug|Any CPU
		{C9E9F020-A13C-41F1-A6CE-C0882057DE66}.Release|Any CPU.ActiveCfg = Release|Any CPU
		{C9E9F020-A13C-41F1-A6CE-C0882057DE66}.Release|Any CPU.Build.0 = Release|Any CPU
		{C9E9F020-A13C-41F1-A6CE-C0882057DE66}.Release|x64.ActiveCfg = Release|Any CPU
		{C9E9F020-A13C-41F1-A6CE-C0882057DE66}.Release|x64.Build.0 = Release|Any CPU
		{C9E9F020-A13C-41F1-A6CE-C0882057DE66}.Release|x86.ActiveCfg = Release|Any CPU
		{C9E9F020-A13C-41F1-A6CE-C0882057DE66}.Release|x86.Build.0 = Release|Any CPU
		{8595B815-1E9D-4B3F-8D6B-39050DA6AF30}.Debug|Any CPU.ActiveCfg = Debug|Any CPU
		{8595B815-1E9D-4B3F-8D6B-39050DA6AF30}.Debug|Any CPU.Build.0 = Debug|Any CPU
		{8595B815-1E9D-4B3F-8D6B-39050DA6AF30}.Debug|x64.ActiveCfg = Debug|Any CPU
		{8595B815-1E9D-4B3F-8D6B-39050DA6AF30}.Debug|x64.Build.0 = Debug|Any CPU
		{8595B815-1E9D-4B3F-8D6B-39050DA6AF30}.Debug|x86.ActiveCfg = Debug|Any CPU
		{8595B815-1E9D-4B3F-8D6B-39050DA6AF30}.Debug|x86.Build.0 = Debug|Any CPU
		{8595B815-1E9D-4B3F-8D6B-39050DA6AF30}.Release|Any CPU.ActiveCfg = Release|Any CPU
		{8595B815-1E9D-4B3F-8D6B-39050DA6AF30}.Release|Any CPU.Build.0 = Release|Any CPU
		{8595B815-1E9D-4B3F-8D6B-39050DA6AF30}.Release|x64.ActiveCfg = Release|Any CPU
		{8595B815-1E9D-4B3F-8D6B-39050DA6AF30}.Release|x64.Build.0 = Release|Any CPU
		{8595B815-1E9D-4B3F-8D6B-39050DA6AF30}.Release|x86.ActiveCfg = Release|Any CPU
		{8595B815-1E9D-4B3F-8D6B-39050DA6AF30}.Release|x86.Build.0 = Release|Any CPU
		{5E902872-38BA-4342-A3FF-DF1FF59C6CCA}.Debug|Any CPU.ActiveCfg = Debug|Any CPU
		{5E902872-38BA-4342-A3FF-DF1FF59C6CCA}.Debug|Any CPU.Build.0 = Debug|Any CPU
		{5E902872-38BA-4342-A3FF-DF1FF59C6CCA}.Debug|x64.ActiveCfg = Debug|Any CPU
		{5E902872-38BA-4342-A3FF-DF1FF59C6CCA}.Debug|x64.Build.0 = Debug|Any CPU
		{5E902872-38BA-4342-A3FF-DF1FF59C6CCA}.Debug|x86.ActiveCfg = Debug|Any CPU
		{5E902872-38BA-4342-A3FF-DF1FF59C6CCA}.Debug|x86.Build.0 = Debug|Any CPU
		{5E902872-38BA-4342-A3FF-DF1FF59C6CCA}.Release|Any CPU.ActiveCfg = Release|Any CPU
		{5E902872-38BA-4342-A3FF-DF1FF59C6CCA}.Release|Any CPU.Build.0 = Release|Any CPU
		{5E902872-38BA-4342-A3FF-DF1FF59C6CCA}.Release|x64.ActiveCfg = Release|Any CPU
		{5E902872-38BA-4342-A3FF-DF1FF59C6CCA}.Release|x64.Build.0 = Release|Any CPU
		{5E902872-38BA-4342-A3FF-DF1FF59C6CCA}.Release|x86.ActiveCfg = Release|Any CPU
		{5E902872-38BA-4342-A3FF-DF1FF59C6CCA}.Release|x86.Build.0 = Release|Any CPU
		{095E0CA1-7479-4210-BC27-06105C28182A}.Debug|Any CPU.ActiveCfg = Debug|Any CPU
		{095E0CA1-7479-4210-BC27-06105C28182A}.Debug|Any CPU.Build.0 = Debug|Any CPU
		{095E0CA1-7479-4210-BC27-06105C28182A}.Debug|x64.ActiveCfg = Debug|Any CPU
		{095E0CA1-7479-4210-BC27-06105C28182A}.Debug|x64.Build.0 = Debug|Any CPU
		{095E0CA1-7479-4210-BC27-06105C28182A}.Debug|x86.ActiveCfg = Debug|Any CPU
		{095E0CA1-7479-4210-BC27-06105C28182A}.Debug|x86.Build.0 = Debug|Any CPU
		{095E0CA1-7479-4210-BC27-06105C28182A}.Release|Any CPU.ActiveCfg = Release|Any CPU
		{095E0CA1-7479-4210-BC27-06105C28182A}.Release|Any CPU.Build.0 = Release|Any CPU
		{095E0CA1-7479-4210-BC27-06105C28182A}.Release|x64.ActiveCfg = Release|Any CPU
		{095E0CA1-7479-4210-BC27-06105C28182A}.Release|x64.Build.0 = Release|Any CPU
		{095E0CA1-7479-4210-BC27-06105C28182A}.Release|x86.ActiveCfg = Release|Any CPU
		{095E0CA1-7479-4210-BC27-06105C28182A}.Release|x86.Build.0 = Release|Any CPU
	EndGlobalSection
	GlobalSection(SolutionProperties) = preSolution
		HideSolutionNode = FALSE
	EndGlobalSection
	GlobalSection(NestedProjects) = preSolution
		{C9E9F020-A13C-41F1-A6CE-C0882057DE66} = {827E0CD3-B72D-47B6-A68D-7590B98EB39B}
		{8595B815-1E9D-4B3F-8D6B-39050DA6AF30} = {827E0CD3-B72D-47B6-A68D-7590B98EB39B}
		{5E902872-38BA-4342-A3FF-DF1FF59C6CCA} = {827E0CD3-B72D-47B6-A68D-7590B98EB39B}
		{095E0CA1-7479-4210-BC27-06105C28182A} = {827E0CD3-B72D-47B6-A68D-7590B98EB39B}
	EndGlobalSection
EndGlobal
